
Microsoft Visual Studio Solution File, Format Version 12.00
# Visual Studio 15
VisualStudioVersion = 15.0.28307.271
MinimumVisualStudioVersion = 10.0.40219.1
Project("{FAE04EC0-301F-11D3-BF4B-00C04F79EFBC}") = "ArraysListsAndDictionaries", "ArraysListsAndDictionaries\ArraysListsAndDictionaries.csproj", "{2C1EC8AE-B75A-43A8-9985-119C7807DAAC}"
EndProject
Global
	GlobalSection(SolutionConfigurationPlatforms) = preSolution
		Debug|Any CPU = Debug|Any CPU
		Release|Any CPU = Release|Any CPU
	EndGlobalSection
	GlobalSection(ProjectConfigurationPlatforms) = postSolution
		{2C1EC8AE-B75A-43A8-9985-119C7807DAAC}.Debug|Any CPU.ActiveCfg = Debug|Any CPU
		{2C1EC8AE-B75A-43A8-9985-119C7807DAAC}.Debug|Any CPU.Build.0 = Debug|Any CPU
		{2C1EC8AE-B75A-43A8-9985-119C7807DAAC}.Release|Any CPU.ActiveCfg = Release|Any CPU
		{2C1EC8AE-B75A-43A8-9985-119C7807DAAC}.Release|Any CPU.Build.0 = Release|Any CPU
	EndGlobalSection
	GlobalSection(SolutionProperties) = preSolution
		HideSolutionNode = FALSE
	EndGlobalSection
	GlobalSection(ExtensibilityGlobals) = postSolution
		SolutionGuid = {BD96E1A6-6B13-45B3-AF83-03C00CD1E49B}
	EndGlobalSection
EndGlobal
